
Microsoft Visual Studio Solution File, Format Version 12.00
# Visual Studio 15
VisualStudioVersion = 15.0.27703.2042
MinimumVisualStudioVersion = 10.0.40219.1
Project("{FAE04EC0-301F-11D3-BF4B-00C04F79EFBC}") = "DescobrirWordPress", "DescobrirWordPress\DescobrirWordPress.csproj", "{052F7EC8-DC98-49CC-9101-7629FD112C45}"
EndProject
Global
	GlobalSection(SolutionConfigurationPlatforms) = preSolution
		Debug|Any CPU = Debug|Any CPU
		Release|Any CPU = Release|Any CPU
	EndGlobalSection
	GlobalSection(ProjectConfigurationPlatforms) = postSolution
		{052F7EC8-DC98-49CC-9101-7629FD112C45}.Debug|Any CPU.ActiveCfg = Debug|Any CPU
		{052F7EC8-DC98-49CC-9101-7629FD112C45}.Debug|Any CPU.Build.0 = Debug|Any CPU
		{052F7EC8-DC98-49CC-9101-7629FD112C45}.Release|Any CPU.ActiveCfg = Release|Any CPU
		{052F7EC8-DC98-49CC-9101-7629FD112C45}.Release|Any CPU.Build.0 = Release|Any CPU
	EndGlobalSection
	GlobalSection(SolutionProperties) = preSolution
		HideSolutionNode = FALSE
	EndGlobalSection
	GlobalSection(ExtensibilityGlobals) = postSolution
		SolutionGuid = {7189FBB9-D1F0-44AA-9C97-BCA101D1EDC5}
	EndGlobalSection
EndGlobal
